// !$*UTF8*$!
{
	archiveVersion = 1;
	classes = {
	};
	objectVersion = 50;
	objects = {

/* Begin PBXBuildFile section */
		CB54288E262E8502005EBB39 /* PayPalEntryViewModel.swift in Sources */ = {isa = PBXBuildFile; fileRef = CB54288D262E8502005EBB39 /* PayPalEntryViewModel.swift */; };
		CB542893262E86B9005EBB39 /* CreditEntryViewModel.swift in Sources */ = {isa = PBXBuildFile; fileRef = CB542892262E86B9005EBB39 /* CreditEntryViewModel.swift */; };
		CB542896262E87F7005EBB39 /* Protocols.swift in Sources */ = {isa = PBXBuildFile; fileRef = CB542895262E87F7005EBB39 /* Protocols.swift */; };
		CB62837C262A8EF100BEADF8 /* AppDelegate.swift in Sources */ = {isa = PBXBuildFile; fileRef = CB62837B262A8EF100BEADF8 /* AppDelegate.swift */; };
		CB62837E262A8EF100BEADF8 /* SceneDelegate.swift in Sources */ = {isa = PBXBuildFile; fileRef = CB62837D262A8EF100BEADF8 /* SceneDelegate.swift */; };
		CB628383262A8EF100BEADF8 /* Main.storyboard in Resources */ = {isa = PBXBuildFile; fileRef = CB628381262A8EF100BEADF8 /* Main.storyboard */; };
		CB628385262A8EF200BEADF8 /* Assets.xcassets in Resources */ = {isa = PBXBuildFile; fileRef = CB628384262A8EF200BEADF8 /* Assets.xcassets */; };
		CB628388262A8EF200BEADF8 /* LaunchScreen.storyboard in Resources */ = {isa = PBXBuildFile; fileRef = CB628386262A8EF200BEADF8 /* LaunchScreen.storyboard */; };
		CB628393262A909900BEADF8 /* PaymentDataScreen.swift in Sources */ = {isa = PBXBuildFile; fileRef = CB628392262A909900BEADF8 /* PaymentDataScreen.swift */; };
		CBA69D49262AAD9700B0BDA5 /* PayPalLoginTableVC.swift in Sources */ = {isa = PBXBuildFile; fileRef = CBA69D48262AAD9700B0BDA5 /* PayPalLoginTableVC.swift */; };
		CBA69D50262B574300B0BDA5 /* ConfirmButton.swift in Sources */ = {isa = PBXBuildFile; fileRef = CBA69D4F262B574300B0BDA5 /* ConfirmButton.swift */; };
		CBA69D53262B583500B0BDA5 /* EntryField.swift in Sources */ = {isa = PBXBuildFile; fileRef = CBA69D52262B583500B0BDA5 /* EntryField.swift */; };
		CBA69D56262B591700B0BDA5 /* CreditEntryTableVC.swift in Sources */ = {isa = PBXBuildFile; fileRef = CBA69D55262B591700B0BDA5 /* CreditEntryTableVC.swift */; };
/* End PBXBuildFile section */

/* Begin PBXFileReference section */
		CB54288D262E8502005EBB39 /* PayPalEntryViewModel.swift */ = {isa = PBXFileReference; lastKnownFileType = sourcecode.swift; path = PayPalEntryViewModel.swift; sourceTree = "<group>"; };
		CB542892262E86B9005EBB39 /* CreditEntryViewModel.swift */ = {isa = PBXFileReference; lastKnownFileType = sourcecode.swift; path = CreditEntryViewModel.swift; sourceTree = "<group>"; };
		CB542895262E87F7005EBB39 /* Protocols.swift */ = {isa = PBXFileReference; lastKnownFileType = sourcecode.swift; path = Protocols.swift; sourceTree = "<group>"; };
		CB628378262A8EF100BEADF8 /* TakeMyMoney.app */ = {isa = PBXFileReference; explicitFileType = wrapper.application; includeInIndex = 0; path = TakeMyMoney.app; sourceTree = BUILT_PRODUCTS_DIR; };
		CB62837B262A8EF100BEADF8 /* AppDelegate.swift */ = {isa = PBXFileReference; lastKnownFileType = sourcecode.swift; path = AppDelegate.swift; sourceTree = "<group>"; };
		CB62837D262A8EF100BEADF8 /* SceneDelegate.swift */ = {isa = PBXFileReference; lastKnownFileType = sourcecode.swift; path = SceneDelegate.swift; sourceTree = "<group>"; };
		CB628382262A8EF100BEADF8 /* Base */ = {isa = PBXFileReference; lastKnownFileType = file.storyboard; name = Base; path = Base.lproj/Main.storyboard; sourceTree = "<group>"; };
		CB628384262A8EF200BEADF8 /* Assets.xcassets */ = {isa = PBXFileReference; lastKnownFileType = folder.assetcatalog; path = Assets.xcassets; sourceTree = "<group>"; };
		CB628387262A8EF200BEADF8 /* Base */ = {isa = PBXFileReference; lastKnownFileType = file.storyboard; name = Base; path = Base.lproj/LaunchScreen.storyboard; sourceTree = "<group>"; };
		CB628389262A8EF200BEADF8 /* Info.plist */ = {isa = PBXFileReference; lastKnownFileType = text.plist.xml; path = Info.plist; sourceTree = "<group>"; };
		CB628392262A909900BEADF8 /* PaymentDataScreen.swift */ = {isa = PBXFileReference; lastKnownFileType = sourcecode.swift; path = PaymentDataScreen.swift; sourceTree = "<group>"; };
		CBA69D48262AAD9700B0BDA5 /* PayPalLoginTableVC.swift */ = {isa = PBXFileReference; lastKnownFileType = sourcecode.swift; path = PayPalLoginTableVC.swift; sourceTree = "<group>"; };
		CBA69D4F262B574300B0BDA5 /* ConfirmButton.swift */ = {isa = PBXFileReference; lastKnownFileType = sourcecode.swift; path = ConfirmButton.swift; sourceTree = "<group>"; };
		CBA69D52262B583500B0BDA5 /* EntryField.swift */ = {isa = PBXFileReference; lastKnownFileType = sourcecode.swift; path = EntryField.swift; sourceTree = "<group>"; };
		CBA69D55262B591700B0BDA5 /* CreditEntryTableVC.swift */ = {isa = PBXFileReference; lastKnownFileType = sourcecode.swift; path = CreditEntryTableVC.swift; sourceTree = "<group>"; };
/* End PBXFileReference section */

/* Begin PBXFrameworksBuildPhase section */
		CB628375262A8EF100BEADF8 /* Frameworks */ = {
			isa = PBXFrameworksBuildPhase;
			buildActionMask = 2147483647;
			files = (
			);
			runOnlyForDeploymentPostprocessing = 0;
		};
/* End PBXFrameworksBuildPhase section */

/* Begin PBXGroup section */
		CB54288C262E84E8005EBB39 /* ViewModel */ = {
			isa = PBXGroup;
			children = (
				CB54288D262E8502005EBB39 /* PayPalEntryViewModel.swift */,
				CB542892262E86B9005EBB39 /* CreditEntryViewModel.swift */,
				CB542895262E87F7005EBB39 /* Protocols.swift */,
			);
			path = ViewModel;
			sourceTree = "<group>";
		};
		CB62836F262A8EF100BEADF8 = {
			isa = PBXGroup;
			children = (
				CB62837A262A8EF100BEADF8 /* TakeMyMoney */,
				CB628379262A8EF100BEADF8 /* Products */,
			);
			sourceTree = "<group>";
		};
		CB628379262A8EF100BEADF8 /* Products */ = {
			isa = PBXGroup;
			children = (
				CB628378262A8EF100BEADF8 /* TakeMyMoney.app */,
			);
			name = Products;
			sourceTree = "<group>";
		};
		CB62837A262A8EF100BEADF8 /* TakeMyMoney */ = {
			isa = PBXGroup;
			children = (
				CB54288C262E84E8005EBB39 /* ViewModel */,
				CBA69D4E262B573500B0BDA5 /* View */,
				CB628391262A8F8200BEADF8 /* Controller */,
				CB62837B262A8EF100BEADF8 /* AppDelegate.swift */,
				CB62837D262A8EF100BEADF8 /* SceneDelegate.swift */,
				CB628381262A8EF100BEADF8 /* Main.storyboard */,
				CB628384262A8EF200BEADF8 /* Assets.xcassets */,
				CB628386262A8EF200BEADF8 /* LaunchScreen.storyboard */,
				CB628389262A8EF200BEADF8 /* Info.plist */,
			);
			path = TakeMyMoney;
			sourceTree = "<group>";
		};
		CB628391262A8F8200BEADF8 /* Controller */ = {
			isa = PBXGroup;
			children = (
				CB628392262A909900BEADF8 /* PaymentDataScreen.swift */,
				CBA69D48262AAD9700B0BDA5 /* PayPalLoginTableVC.swift */,
				CBA69D55262B591700B0BDA5 /* CreditEntryTableVC.swift */,
			);
			path = Controller;
			sourceTree = "<group>";
		};
		CBA69D4E262B573500B0BDA5 /* View */ = {
			isa = PBXGroup;
			children = (
				CBA69D4F262B574300B0BDA5 /* ConfirmButton.swift */,
				CBA69D52262B583500B0BDA5 /* EntryField.swift */,
			);
			path = View;
			sourceTree = "<group>";
		};
/* End PBXGroup section */

/* Begin PBXNativeTarget section */
		CB628377262A8EF100BEADF8 /* TakeMyMoney */ = {
			isa = PBXNativeTarget;
			buildConfigurationList = CB62838C262A8EF200BEADF8 /* Build configuration list for PBXNativeTarget "TakeMyMoney" */;
			buildPhases = (
				CB628374262A8EF100BEADF8 /* Sources */,
				CB628375262A8EF100BEADF8 /* Frameworks */,
				CB628376262A8EF100BEADF8 /* Resources */,
			);
			buildRules = (
			);
			dependencies = (
			);
			name = TakeMyMoney;
			productName = TakeMyMoney;
			productReference = CB628378262A8EF100BEADF8 /* TakeMyMoney.app */;
			productType = "com.apple.product-type.application";
		};
/* End PBXNativeTarget section */

/* Begin PBXProject section */
		CB628370262A8EF100BEADF8 /* Project object */ = {
			isa = PBXProject;
			attributes = {
				LastSwiftUpdateCheck = 1240;
				LastUpgradeCheck = 1240;
				TargetAttributes = {
					CB628377262A8EF100BEADF8 = {
						CreatedOnToolsVersion = 12.4;
					};
				};
			};
			buildConfigurationList = CB628373262A8EF100BEADF8 /* Build configuration list for PBXProject "TakeMyMoney" */;
			compatibilityVersion = "Xcode 9.3";
			developmentRegion = en;
			hasScannedForEncodings = 0;
			knownRegions = (
				en,
				Base,
			);
			mainGroup = CB62836F262A8EF100BEADF8;
			productRefGroup = CB628379262A8EF100BEADF8 /* Products */;
			projectDirPath = "";
			projectRoot = "";
			targets = (
				CB628377262A8EF100BEADF8 /* TakeMyMoney */,
			);
		};
/* End PBXProject section */

/* Begin PBXResourcesBuildPhase section */
		CB628376262A8EF100BEADF8 /* Resources */ = {
			isa = PBXResourcesBuildPhase;
			buildActionMask = 2147483647;
			files = (
				CB628388262A8EF200BEADF8 /* LaunchScreen.storyboard in Resources */,
				CB628385262A8EF200BEADF8 /* Assets.xcassets in Resources */,
				CB628383262A8EF100BEADF8 /* Main.storyboard in Resources */,
			);
			runOnlyForDeploymentPostprocessing = 0;
		};
/* End PBXResourcesBuildPhase section */

/* Begin PBXSourcesBuildPhase section */
		CB628374262A8EF100BEADF8 /* Sources */ = {
			isa = PBXSourcesBuildPhase;
			buildActionMask = 2147483647;
			files = (
				CBA69D49262AAD9700B0BDA5 /* PayPalLoginTableVC.swift in Sources */,
				CBA69D53262B583500B0BDA5 /* EntryField.swift in Sources */,
				CB62837C262A8EF100BEADF8 /* AppDelegate.swift in Sources */,
				CB62837E262A8EF100BEADF8 /* SceneDelegate.swift in Sources */,
				CBA69D56262B591700B0BDA5 /* CreditEntryTableVC.swift in Sources */,
				CB542896262E87F7005EBB39 /* Protocols.swift in Sources */,
				CB542893262E86B9005EBB39 /* CreditEntryViewModel.swift in Sources */,
				CBA69D50262B574300B0BDA5 /* ConfirmButton.swift in Sources */,
				CB54288E262E8502005EBB39 /* PayPalEntryViewModel.swift in Sources */,
				CB628393262A909900BEADF8 /* PaymentDataScreen.swift in Sources */,
			);
			runOnlyForDeploymentPostprocessing = 0;
		};
/* End PBXSourcesBuildPhase section */

/* Begin PBXVariantGroup section */
		CB628381262A8EF100BEADF8 /* Main.storyboard */ = {
			isa = PBXVariantGroup;
			children = (
				CB628382262A8EF100BEADF8 /* Base */,
			);
			name = Main.storyboard;
			sourceTree = "<group>";
		};
		CB628386262A8EF200BEADF8 /* LaunchScreen.storyboard */ = {
			isa = PBXVariantGroup;
			children = (
				CB628387262A8EF200BEADF8 /* Base */,
			);
			name = LaunchScreen.storyboard;
			sourceTree = "<group>";
		};
/* End PBXVariantGroup section */

/* Begin XCBuildConfiguration section */
		CB62838A262A8EF200BEADF8 /* Debug */ = {
			isa = XCBuildConfiguration;
			buildSettings = {
				ALWAYS_SEARCH_USER_PATHS = NO;
				CLANG_ANALYZER_NONNULL = YES;
				CLANG_ANALYZER_NUMBER_OBJECT_CONVERSION = YES_AGGRESSIVE;
				CLANG_CXX_LANGUAGE_STANDARD = "gnu++14";
				CLANG_CXX_LIBRARY = "libc++";
				CLANG_ENABLE_MODULES = YES;
				CLANG_ENABLE_OBJC_ARC = YES;
				CLANG_ENABLE_OBJC_WEAK = YES;
				CLANG_WARN_BLOCK_CAPTURE_AUTORELEASING = YES;
				CLANG_WARN_BOOL_CONVERSION = YES;
				CLANG_WARN_COMMA = YES;
				CLANG_WARN_CONSTANT_CONVERSION = YES;
				CLANG_WARN_DEPRECATED_OBJC_IMPLEMENTATIONS = YES;
				CLANG_WARN_DIRECT_OBJC_ISA_USAGE = YES_ERROR;
				CLANG_WARN_DOCUMENTATION_COMMENTS = YES;
				CLANG_WARN_EMPTY_BODY = YES;
				CLANG_WARN_ENUM_CONVERSION = YES;
				CLANG_WARN_INFINITE_RECURSION = YES;
				CLANG_WARN_INT_CONVERSION = YES;
				CLANG_WARN_NON_LITERAL_NULL_CONVERSION = YES;
				CLANG_WARN_OBJC_IMPLICIT_RETAIN_SELF = YES;
				CLANG_WARN_OBJC_LITERAL_CONVERSION = YES;
				CLANG_WARN_OBJC_ROOT_CLASS = YES_ERROR;
				CLANG_WARN_QUOTED_INCLUDE_IN_FRAMEWORK_HEADER = YES;
				CLANG_WARN_RANGE_LOOP_ANALYSIS = YES;
				CLANG_WARN_STRICT_PROTOTYPES = YES;
				CLANG_WARN_SUSPICIOUS_MOVE = YES;
				CLANG_WARN_UNGUARDED_AVAILABILITY = YES_AGGRESSIVE;
				CLANG_WARN_UNREACHABLE_CODE = YES;
				CLANG_WARN__DUPLICATE_METHOD_MATCH = YES;
				COPY_PHASE_STRIP = NO;
				DEBUG_INFORMATION_FORMAT = dwarf;
				ENABLE_STRICT_OBJC_MSGSEND = YES;
				ENABLE_TESTABILITY = YES;
				GCC_C_LANGUAGE_STANDARD = gnu11;
				GCC_DYNAMIC_NO_PIC = NO;
				GCC_NO_COMMON_BLOCKS = YES;
				GCC_OPTIMIZATION_LEVEL = 0;
				GCC_PREPROCESSOR_DEFINITIONS = (
					"DEBUG=1",
					"$(inherited)",
				);
				GCC_WARN_64_TO_32_BIT_CONVERSION = YES;
				GCC_WARN_ABOUT_RETURN_TYPE = YES_ERROR;
				GCC_WARN_UNDECLARED_SELECTOR = YES;
				GCC_WARN_UNINITIALIZED_AUTOS = YES_AGGRESSIVE;
				GCC_WARN_UNUSED_FUNCTION = YES;
				GCC_WARN_UNUSED_VARIABLE = YES;
				IPHONEOS_DEPLOYMENT_TARGET = 14.4;
				MTL_ENABLE_DEBUG_INFO = INCLUDE_SOURCE;
				MTL_FAST_MATH = YES;
				ONLY_ACTIVE_ARCH = YES;
				SDKROOT = iphoneos;
				SWIFT_ACTIVE_COMPILATION_CONDITIONS = DEBUG;
				SWIFT_OPTIMIZATION_LEVEL = "-Onone";
			};
			name = Debug;
		};
		CB62838B262A8EF200BEADF8 /* Release */ = {
			isa = XCBuildConfiguration;
			buildSettings = {
				ALWAYS_SEARCH_USER_PATHS = NO;
				CLANG_ANALYZER_NONNULL = YES;
				CLANG_ANALYZER_NUMBER_OBJECT_CONVERSION = YES_AGGRESSIVE;
				CLANG_CXX_LANGUAGE_STANDARD = "gnu++14";
				CLANG_CXX_LIBRARY = "libc++";
				CLANG_ENABLE_MODULES = YES;
				CLANG_ENABLE_OBJC_ARC = YES;
				CLANG_ENABLE_OBJC_WEAK = YES;
				CLANG_WARN_BLOCK_CAPTURE_AUTORELEASING = YES;
				CLANG_WARN_BOOL_CONVERSION = YES;
				CLANG_WARN_COMMA = YES;
				CLANG_WARN_CONSTANT_CONVERSION = YES;
				CLANG_WARN_DEPRECATED_OBJC_IMPLEMENTATIONS = YES;
				CLANG_WARN_DIRECT_OBJC_ISA_USAGE = YES_ERROR;
				CLANG_WARN_DOCUMENTATION_COMMENTS = YES;
				CLANG_WARN_EMPTY_BODY = YES;
				CLANG_WARN_ENUM_CONVERSION = YES;
				CLANG_WARN_INFINITE_RECURSION = YES;
				CLANG_WARN_INT_CONVERSION = YES;
				CLANG_WARN_NON_LITERAL_NULL_CONVERSION = YES;
				CLANG_WARN_OBJC_IMPLICIT_RETAIN_SELF = YES;
				CLANG_WARN_OBJC_LITERAL_CONVERSION = YES;
				CLANG_WARN_OBJC_ROOT_CLASS = YES_ERROR;
				CLANG_WARN_QUOTED_INCLUDE_IN_FRAMEWORK_HEADER = YES;
				CLANG_WARN_RANGE_LOOP_ANALYSIS = YES;
				CLANG_WARN_STRICT_PROTOTYPES = YES;
				CLANG_WARN_SUSPICIOUS_MOVE = YES;
				CLANG_WARN_UNGUARDED_AVAILABILITY = YES_AGGRESSIVE;
				CLANG_WARN_UNREACHABLE_CODE = YES;
				CLANG_WARN__DUPLICATE_METHOD_MATCH = YES;
				COPY_PHASE_STRIP = NO;
				DEBUG_INFORMATION_FORMAT = "dwarf-with-dsym";
				ENABLE_NS_ASSERTIONS = NO;
				ENABLE_STRICT_OBJC_MSGSEND = YES;
				GCC_C_LANGUAGE_STANDARD = gnu11;
				GCC_NO_COMMON_BLOCKS = YES;
				GCC_WARN_64_TO_32_BIT_CONVERSION = YES;
				GCC_WARN_ABOUT_RETURN_TYPE = YES_ERROR;
				GCC_WARN_UNDECLARED_SELECTOR = YES;
				GCC_WARN_UNINITIALIZED_AUTOS = YES_AGGRESSIVE;
				GCC_WARN_UNUSED_FUNCTION = YES;
				GCC_WARN_UNUSED_VARIABLE = YES;
				IPHONEOS_DEPLOYMENT_TARGET = 14.4;
				MTL_ENABLE_DEBUG_INFO = NO;
				MTL_FAST_MATH = YES;
				SDKROOT = iphoneos;
				SWIFT_COMPILATION_MODE = wholemodule;
				SWIFT_OPTIMIZATION_LEVEL = "-O";
				VALIDATE_PRODUCT = YES;
			};
			name = Release;
		};
		CB62838D262A8EF200BEADF8 /* Debug */ = {
			isa = XCBuildConfiguration;
			buildSettings = {
				ASSETCATALOG_COMPILER_APPICON_NAME = AppIcon;
				ASSETCATALOG_COMPILER_GLOBAL_ACCENT_COLOR_NAME = AccentColor;
				CODE_SIGN_STYLE = Automatic;
				DEVELOPMENT_TEAM = KG5A8K7RKR;
				INFOPLIST_FILE = TakeMyMoney/Info.plist;
				LD_RUNPATH_SEARCH_PATHS = (
					"$(inherited)",
					"@executable_path/Frameworks",
				);
				PRODUCT_BUNDLE_IDENTIFIER = com.herbiedodge.TakeMyMoney;
				PRODUCT_NAME = "$(TARGET_NAME)";
				SWIFT_VERSION = 5.0;
				TARGETED_DEVICE_FAMILY = "1,2";
			};
			name = Debug;
		};
		CB62838E262A8EF200BEADF8 /* Release */ = {
			isa = XCBuildConfiguration;
			buildSettings = {
				ASSETCATALOG_COMPILER_APPICON_NAME = AppIcon;
				ASSETCATALOG_COMPILER_GLOBAL_ACCENT_COLOR_NAME = AccentColor;
				CODE_SIGN_STYLE = Automatic;
				DEVELOPMENT_TEAM = KG5A8K7RKR;
				INFOPLIST_FILE = TakeMyMoney/Info.plist;
				LD_RUNPATH_SEARCH_PATHS = (
					"$(inherited)",
					"@executable_path/Frameworks",
				);
				PRODUCT_BUNDLE_IDENTIFIER = com.herbiedodge.TakeMyMoney;
				PRODUCT_NAME = "$(TARGET_NAME)";
				SWIFT_VERSION = 5.0;
				TARGETED_DEVICE_FAMILY = "1,2";
			};
			name = Release;
		};
/* End XCBuildConfiguration section */

/* Begin XCConfigurationList section */
		CB628373262A8EF100BEADF8 /* Build configuration list for PBXProject "TakeMyMoney" */ = {
			isa = XCConfigurationList;
			buildConfigurations = (
				CB62838A262A8EF200BEADF8 /* Debug */,
				CB62838B262A8EF200BEADF8 /* Release */,
			);
			defaultConfigurationIsVisible = 0;
			defaultConfigurationName = Release;
		};
		CB62838C262A8EF200BEADF8 /* Build configuration list for PBXNativeTarget "TakeMyMoney" */ = {
			isa = XCConfigurationList;
			buildConfigurations = (
				CB62838D262A8EF200BEADF8 /* Debug */,
				CB62838E262A8EF200BEADF8 /* Release */,
			);
			defaultConfigurationIsVisible = 0;
			defaultConfigurationName = Release;
		};
/* End XCConfigurationList section */
	};
	rootObject = CB628370262A8EF100BEADF8 /* Project object */;
}
